
Microsoft Visual Studio Solution File, Format Version 12.00
# Visual Studio Version 17
VisualStudioVersion = 17.5.33516.290
MinimumVisualStudioVersion = 10.0.40219.1
Project("{FAE04EC0-301F-11D3-BF4B-00C04F79EFBC}") = "E_learning1", "E_learning1\E_learning1.csproj", "{FB65BC91-68C6-4679-9279-C546702EC6D1}"
EndProject
Global
	GlobalSection(SolutionConfigurationPlatforms) = preSolution
		Debug|Any CPU = Debug|Any CPU
		Release|Any CPU = Release|Any CPU
	EndGlobalSection
	GlobalSection(ProjectConfigurationPlatforms) = postSolution
		{FB65BC91-68C6-4679-9279-C546702EC6D1}.Debug|Any CPU.ActiveCfg = Debug|Any CPU
		{FB65BC91-68C6-4679-9279-C546702EC6D1}.Debug|Any CPU.Build.0 = Debug|Any CPU
		{FB65BC91-68C6-4679-9279-C546702EC6D1}.Release|Any CPU.ActiveCfg = Release|Any CPU
		{FB65BC91-68C6-4679-9279-C546702EC6D1}.Release|Any CPU.Build.0 = Release|Any CPU
	EndGlobalSection
	GlobalSection(SolutionProperties) = preSolution
		HideSolutionNode = FALSE
	EndGlobalSection
	GlobalSection(ExtensibilityGlobals) = postSolution
		SolutionGuid = {B2B5CA09-F27D-477A-8B95-5141921BBDB0}
	EndGlobalSection
EndGlobal
